// !$*UTF8*$!
{
	archiveVersion = 1;
	classes = {
	};
	objectVersion = 50;
	objects = {

/* Begin PBXBuildFile section */
		039D24E3237B1A9000E80904 /* AppDelegate.swift in Sources */ = {isa = PBXBuildFile; fileRef = 039D24E2237B1A9000E80904 /* AppDelegate.swift */; };
		039D24E5237B1A9000E80904 /* SceneDelegate.swift in Sources */ = {isa = PBXBuildFile; fileRef = 039D24E4237B1A9000E80904 /* SceneDelegate.swift */; };
		039D24E7237B1A9000E80904 /* TodoListViewController.swift in Sources */ = {isa = PBXBuildFile; fileRef = 039D24E6237B1A9000E80904 /* TodoListViewController.swift */; };
		039D24EA237B1A9000E80904 /* Main.storyboard in Resources */ = {isa = PBXBuildFile; fileRef = 039D24E8237B1A9000E80904 /* Main.storyboard */; };
		039D24EC237B1A9200E80904 /* Assets.xcassets in Resources */ = {isa = PBXBuildFile; fileRef = 039D24EB237B1A9200E80904 /* Assets.xcassets */; };
		039D24EF237B1A9200E80904 /* LaunchScreen.storyboard in Resources */ = {isa = PBXBuildFile; fileRef = 039D24ED237B1A9200E80904 /* LaunchScreen.storyboard */; };
		03CB6B8523813381009ED9F9 /* Item.swift in Sources */ = {isa = PBXBuildFile; fileRef = 03CB6B8423813381009ED9F9 /* Item.swift */; };
/* End PBXBuildFile section */

/* Begin PBXFileReference section */
		039D24DF237B1A9000E80904 /* Checklist App.app */ = {isa = PBXFileReference; explicitFileType = wrapper.application; includeInIndex = 0; path = "Checklist App.app"; sourceTree = BUILT_PRODUCTS_DIR; };
		039D24E2237B1A9000E80904 /* AppDelegate.swift */ = {isa = PBXFileReference; lastKnownFileType = sourcecode.swift; path = AppDelegate.swift; sourceTree = "<group>"; };
		039D24E4237B1A9000E80904 /* SceneDelegate.swift */ = {isa = PBXFileReference; lastKnownFileType = sourcecode.swift; path = SceneDelegate.swift; sourceTree = "<group>"; };
		039D24E6237B1A9000E80904 /* TodoListViewController.swift */ = {isa = PBXFileReference; lastKnownFileType = sourcecode.swift; path = TodoListViewController.swift; sourceTree = "<group>"; };
		039D24E9237B1A9000E80904 /* Base */ = {isa = PBXFileReference; lastKnownFileType = file.storyboard; name = Base; path = Base.lproj/Main.storyboard; sourceTree = "<group>"; };
		039D24EB237B1A9200E80904 /* Assets.xcassets */ = {isa = PBXFileReference; lastKnownFileType = folder.assetcatalog; path = Assets.xcassets; sourceTree = "<group>"; };
		039D24EE237B1A9200E80904 /* Base */ = {isa = PBXFileReference; lastKnownFileType = file.storyboard; name = Base; path = Base.lproj/LaunchScreen.storyboard; sourceTree = "<group>"; };
		039D24F0237B1A9200E80904 /* Info.plist */ = {isa = PBXFileReference; lastKnownFileType = text.plist.xml; path = Info.plist; sourceTree = "<group>"; };
		03CB6B8423813381009ED9F9 /* Item.swift */ = {isa = PBXFileReference; lastKnownFileType = sourcecode.swift; path = Item.swift; sourceTree = "<group>"; };
/* End PBXFileReference section */

/* Begin PBXFrameworksBuildPhase section */
		039D24DC237B1A8F00E80904 /* Frameworks */ = {
			isa = PBXFrameworksBuildPhase;
			buildActionMask = 2147483647;
			files = (
			);
			runOnlyForDeploymentPostprocessing = 0;
		};
/* End PBXFrameworksBuildPhase section */

/* Begin PBXGroup section */
		039D24D6237B1A8F00E80904 = {
			isa = PBXGroup;
			children = (
				039D24E1237B1A9000E80904 /* Checklist App */,
				039D24E0237B1A9000E80904 /* Products */,
			);
			sourceTree = "<group>";
		};
		039D24E0237B1A9000E80904 /* Products */ = {
			isa = PBXGroup;
			children = (
				039D24DF237B1A9000E80904 /* Checklist App.app */,
			);
			name = Products;
			sourceTree = "<group>";
		};
		039D24E1237B1A9000E80904 /* Checklist App */ = {
			isa = PBXGroup;
			children = (
				039D24E2237B1A9000E80904 /* AppDelegate.swift */,
				039D24E4237B1A9000E80904 /* SceneDelegate.swift */,
				03CB6B87238133AE009ED9F9 /* Controllers */,
				03CB6B862381338E009ED9F9 /* Data Model */,
				03CB6B88238133D4009ED9F9 /* Views */,
				03CB6B8923813405009ED9F9 /* Supporting Files */,
				039D24F0237B1A9200E80904 /* Info.plist */,
			);
			path = "Checklist App";
			sourceTree = "<group>";
		};
		03CB6B862381338E009ED9F9 /* Data Model */ = {
			isa = PBXGroup;
			children = (
				03CB6B8423813381009ED9F9 /* Item.swift */,
			);
			path = "Data Model";
			sourceTree = "<group>";
		};
		03CB6B87238133AE009ED9F9 /* Controllers */ = {
			isa = PBXGroup;
			children = (
				039D24E6237B1A9000E80904 /* TodoListViewController.swift */,
			);
			path = Controllers;
			sourceTree = "<group>";
		};
		03CB6B88238133D4009ED9F9 /* Views */ = {
			isa = PBXGroup;
			children = (
				039D24E8237B1A9000E80904 /* Main.storyboard */,
			);
			path = Views;
			sourceTree = "<group>";
		};
		03CB6B8923813405009ED9F9 /* Supporting Files */ = {
			isa = PBXGroup;
			children = (
				039D24EB237B1A9200E80904 /* Assets.xcassets */,
				039D24ED237B1A9200E80904 /* LaunchScreen.storyboard */,
			);
			path = "Supporting Files";
			sourceTree = "<group>";
		};
/* End PBXGroup section */

/* Begin PBXNativeTarget section */
		039D24DE237B1A8F00E80904 /* Checklist App */ = {
			isa = PBXNativeTarget;
			buildConfigurationList = 039D24F3237B1A9200E80904 /* Build configuration list for PBXNativeTarget "Checklist App" */;
			buildPhases = (
				039D24DB237B1A8F00E80904 /* Sources */,
				039D24DC237B1A8F00E80904 /* Frameworks */,
				039D24DD237B1A8F00E80904 /* Resources */,
			);
			buildRules = (
			);
			dependencies = (
			);
			name = "Checklist App";
			productName = "Checklist App";
			productReference = 039D24DF237B1A9000E80904 /* Checklist App.app */;
			productType = "com.apple.product-type.application";
		};
/* End PBXNativeTarget section */

/* Begin PBXProject section */
		039D24D7237B1A8F00E80904 /* Project object */ = {
			isa = PBXProject;
			attributes = {
				LastSwiftUpdateCheck = 1120;
				LastUpgradeCheck = 1120;
				ORGANIZATIONNAME = "Samrath Matta";
				TargetAttributes = {
					039D24DE237B1A8F00E80904 = {
						CreatedOnToolsVersion = 11.2;
					};
				};
			};
			buildConfigurationList = 039D24DA237B1A8F00E80904 /* Build configuration list for PBXProject "Checklist App" */;
			compatibilityVersion = "Xcode 9.3";
			developmentRegion = en;
			hasScannedForEncodings = 0;
			knownRegions = (
				en,
				Base,
			);
			mainGroup = 039D24D6237B1A8F00E80904;
			productRefGroup = 039D24E0237B1A9000E80904 /* Products */;
			projectDirPath = "";
			projectRoot = "";
			targets = (
				039D24DE237B1A8F00E80904 /* Checklist App */,
			);
		};
/* End PBXProject section */

/* Begin PBXResourcesBuildPhase section */
		039D24DD237B1A8F00E80904 /* Resources */ = {
			isa = PBXResourcesBuildPhase;
			buildActionMask = 2147483647;
			files = (
				039D24EF237B1A9200E80904 /* LaunchScreen.storyboard in Resources */,
				039D24EC237B1A9200E80904 /* Assets.xcassets in Resources */,
				039D24EA237B1A9000E80904 /* Main.storyboard in Resources */,
			);
			runOnlyForDeploymentPostprocessing = 0;
		};
/* End PBXResourcesBuildPhase section */

/* Begin PBXSourcesBuildPhase section */
		039D24DB237B1A8F00E80904 /* Sources */ = {
			isa = PBXSourcesBuildPhase;
			buildActionMask = 2147483647;
			files = (
				03CB6B8523813381009ED9F9 /* Item.swift in Sources */,
				039D24E7237B1A9000E80904 /* TodoListViewController.swift in Sources */,
				039D24E3237B1A9000E80904 /* AppDelegate.swift in Sources */,
				039D24E5237B1A9000E80904 /* SceneDelegate.swift in Sources */,
			);
			runOnlyForDeploymentPostprocessing = 0;
		};
/* End PBXSourcesBuildPhase section */

/* Begin PBXVariantGroup section */
		039D24E8237B1A9000E80904 /* Main.storyboard */ = {
			isa = PBXVariantGroup;
			children = (
				039D24E9237B1A9000E80904 /* Base */,
			);
			name = Main.storyboard;
			sourceTree = "<group>";
		};
		039D24ED237B1A9200E80904 /* LaunchScreen.storyboard */ = {
			isa = PBXVariantGroup;
			children = (
				039D24EE237B1A9200E80904 /* Base */,
			);
			name = LaunchScreen.storyboard;
			sourceTree = "<group>";
		};
/* End PBXVariantGroup section */

/* Begin XCBuildConfiguration section */
		039D24F1237B1A9200E80904 /* Debug */ = {
			isa = XCBuildConfiguration;
			buildSettings = {
				ALWAYS_SEARCH_USER_PATHS = NO;
				CLANG_ANALYZER_NONNULL = YES;
				CLANG_ANALYZER_NUMBER_OBJECT_CONVERSION = YES_AGGRESSIVE;
				CLANG_CXX_LANGUAGE_STANDARD = "gnu++14";
				CLANG_CXX_LIBRARY = "libc++";
				CLANG_ENABLE_MODULES = YES;
				CLANG_ENABLE_OBJC_ARC = YES;
				CLANG_ENABLE_OBJC_WEAK = YES;
				CLANG_WARN_BLOCK_CAPTURE_AUTORELEASING = YES;
				CLANG_WARN_BOOL_CONVERSION = YES;
				CLANG_WARN_COMMA = YES;
				CLANG_WARN_CONSTANT_CONVERSION = YES;
				CLANG_WARN_DEPRECATED_OBJC_IMPLEMENTATIONS = YES;
				CLANG_WARN_DIRECT_OBJC_ISA_USAGE = YES_ERROR;
				CLANG_WARN_DOCUMENTATION_COMMENTS = YES;
				CLANG_WARN_EMPTY_BODY = YES;
				CLANG_WARN_ENUM_CONVERSION = YES;
				CLANG_WARN_INFINITE_RECURSION = YES;
				CLANG_WARN_INT_CONVERSION = YES;
				CLANG_WARN_NON_LITERAL_NULL_CONVERSION = YES;
				CLANG_WARN_OBJC_IMPLICIT_RETAIN_SELF = YES;
				CLANG_WARN_OBJC_LITERAL_CONVERSION = YES;
				CLANG_WARN_OBJC_ROOT_CLASS = YES_ERROR;
				CLANG_WARN_RANGE_LOOP_ANALYSIS = YES;
				CLANG_WARN_STRICT_PROTOTYPES = YES;
				CLANG_WARN_SUSPICIOUS_MOVE = YES;
				CLANG_WARN_UNGUARDED_AVAILABILITY = YES_AGGRESSIVE;
				CLANG_WARN_UNREACHABLE_CODE = YES;
				CLANG_WARN__DUPLICATE_METHOD_MATCH = YES;
				COPY_PHASE_STRIP = NO;
				DEBUG_INFORMATION_FORMAT = dwarf;
				ENABLE_STRICT_OBJC_MSGSEND = YES;
				ENABLE_TESTABILITY = YES;
				GCC_C_LANGUAGE_STANDARD = gnu11;
				GCC_DYNAMIC_NO_PIC = NO;
				GCC_NO_COMMON_BLOCKS = YES;
				GCC_OPTIMIZATION_LEVEL = 0;
				GCC_PREPROCESSOR_DEFINITIONS = (
					"DEBUG=1",
					"$(inherited)",
				);
				GCC_WARN_64_TO_32_BIT_CONVERSION = YES;
				GCC_WARN_ABOUT_RETURN_TYPE = YES_ERROR;
				GCC_WARN_UNDECLARED_SELECTOR = YES;
				GCC_WARN_UNINITIALIZED_AUTOS = YES_AGGRESSIVE;
				GCC_WARN_UNUSED_FUNCTION = YES;
				GCC_WARN_UNUSED_VARIABLE = YES;
				IPHONEOS_DEPLOYMENT_TARGET = 13.2;
				MTL_ENABLE_DEBUG_INFO = INCLUDE_SOURCE;
				MTL_FAST_MATH = YES;
				ONLY_ACTIVE_ARCH = YES;
				SDKROOT = iphoneos;
				SWIFT_ACTIVE_COMPILATION_CONDITIONS = DEBUG;
				SWIFT_OPTIMIZATION_LEVEL = "-Onone";
			};
			name = Debug;
		};
		039D24F2237B1A9200E80904 /* Release */ = {
			isa = XCBuildConfiguration;
			buildSettings = {
				ALWAYS_SEARCH_USER_PATHS = NO;
				CLANG_ANALYZER_NONNULL = YES;
				CLANG_ANALYZER_NUMBER_OBJECT_CONVERSION = YES_AGGRESSIVE;
				CLANG_CXX_LANGUAGE_STANDARD = "gnu++14";
				CLANG_CXX_LIBRARY = "libc++";
				CLANG_ENABLE_MODULES = YES;
				CLANG_ENABLE_OBJC_ARC = YES;
				CLANG_ENABLE_OBJC_WEAK = YES;
				CLANG_WARN_BLOCK_CAPTURE_AUTORELEASING = YES;
				CLANG_WARN_BOOL_CONVERSION = YES;
				CLANG_WARN_COMMA = YES;
				CLANG_WARN_CONSTANT_CONVERSION = YES;
				CLANG_WARN_DEPRECATED_OBJC_IMPLEMENTATIONS = YES;
				CLANG_WARN_DIRECT_OBJC_ISA_USAGE = YES_ERROR;
				CLANG_WARN_DOCUMENTATION_COMMENTS = YES;
				CLANG_WARN_EMPTY_BODY = YES;
				CLANG_WARN_ENUM_CONVERSION = YES;
				CLANG_WARN_INFINITE_RECURSION = YES;
				CLANG_WARN_INT_CONVERSION = YES;
				CLANG_WARN_NON_LITERAL_NULL_CONVERSION = YES;
				CLANG_WARN_OBJC_IMPLICIT_RETAIN_SELF = YES;
				CLANG_WARN_OBJC_LITERAL_CONVERSION = YES;
				CLANG_WARN_OBJC_ROOT_CLASS = YES_ERROR;
				CLANG_WARN_RANGE_LOOP_ANALYSIS = YES;
				CLANG_WARN_STRICT_PROTOTYPES = YES;
				CLANG_WARN_SUSPICIOUS_MOVE = YES;
				CLANG_WARN_UNGUARDED_AVAILABILITY = YES_AGGRESSIVE;
				CLANG_WARN_UNREACHABLE_CODE = YES;
				CLANG_WARN__DUPLICATE_METHOD_MATCH = YES;
				COPY_PHASE_STRIP = NO;
				DEBUG_INFORMATION_FORMAT = "dwarf-with-dsym";
				ENABLE_NS_ASSERTIONS = NO;
				ENABLE_STRICT_OBJC_MSGSEND = YES;
				GCC_C_LANGUAGE_STANDARD = gnu11;
				GCC_NO_COMMON_BLOCKS = YES;
				GCC_WARN_64_TO_32_BIT_CONVERSION = YES;
				GCC_WARN_ABOUT_RETURN_TYPE = YES_ERROR;
				GCC_WARN_UNDECLARED_SELECTOR = YES;
				GCC_WARN_UNINITIALIZED_AUTOS = YES_AGGRESSIVE;
				GCC_WARN_UNUSED_FUNCTION = YES;
				GCC_WARN_UNUSED_VARIABLE = YES;
				IPHONEOS_DEPLOYMENT_TARGET = 13.2;
				MTL_ENABLE_DEBUG_INFO = NO;
				MTL_FAST_MATH = YES;
				SDKROOT = iphoneos;
				SWIFT_COMPILATION_MODE = wholemodule;
				SWIFT_OPTIMIZATION_LEVEL = "-O";
				VALIDATE_PRODUCT = YES;
			};
			name = Release;
		};
		039D24F4237B1A9200E80904 /* Debug */ = {
			isa = XCBuildConfiguration;
			buildSettings = {
				ASSETCATALOG_COMPILER_APPICON_NAME = AppIcon;
				CODE_SIGN_STYLE = Automatic;
				DEVELOPMENT_TEAM = A23VG9P5BZ;
				INFOPLIST_FILE = "Checklist App/Info.plist";
				LD_RUNPATH_SEARCH_PATHS = (
					"$(inherited)",
					"@executable_path/Frameworks",
				);
				PRODUCT_BUNDLE_IDENTIFIER = "SamrathMatta.Checklist-App";
				PRODUCT_NAME = "$(TARGET_NAME)";
				SWIFT_VERSION = 5.0;
				TARGETED_DEVICE_FAMILY = "1,2";
			};
			name = Debug;
		};
		039D24F5237B1A9200E80904 /* Release */ = {
			isa = XCBuildConfiguration;
			buildSettings = {
				ASSETCATALOG_COMPILER_APPICON_NAME = AppIcon;
				CODE_SIGN_STYLE = Automatic;
				DEVELOPMENT_TEAM = A23VG9P5BZ;
				INFOPLIST_FILE = "Checklist App/Info.plist";
				LD_RUNPATH_SEARCH_PATHS = (
					"$(inherited)",
					"@executable_path/Frameworks",
				);
				PRODUCT_BUNDLE_IDENTIFIER = "SamrathMatta.Checklist-App";
				PRODUCT_NAME = "$(TARGET_NAME)";
				SWIFT_VERSION = 5.0;
				TARGETED_DEVICE_FAMILY = "1,2";
			};
			name = Release;
		};
/* End XCBuildConfiguration section */

/* Begin XCConfigurationList section */
		039D24DA237B1A8F00E80904 /* Build configuration list for PBXProject "Checklist App" */ = {
			isa = XCConfigurationList;
			buildConfigurations = (
				039D24F1237B1A9200E80904 /* Debug */,
				039D24F2237B1A9200E80904 /* Release */,
			);
			defaultConfigurationIsVisible = 0;
			defaultConfigurationName = Release;
		};
		039D24F3237B1A9200E80904 /* Build configuration list for PBXNativeTarget "Checklist App" */ = {
			isa = XCConfigurationList;
			buildConfigurations = (
				039D24F4237B1A9200E80904 /* Debug */,
				039D24F5237B1A9200E80904 /* Release */,
			);
			defaultConfigurationIsVisible = 0;
			defaultConfigurationName = Release;
		};
/* End XCConfigurationList section */
	};
	rootObject = 039D24D7237B1A8F00E80904 /* Project object */;
}
